// !$*UTF8*$!
{
	archiveVersion = 1;
	classes = {
	};
	objectVersion = 48;
	objects = {

/* Begin PBXBuildFile section */
		86E7BE7C207ABB8E00CD55C7 /* AppDelegate.swift in Sources */ = {isa = PBXBuildFile; fileRef = 86E7BE7B207ABB8E00CD55C7 /* AppDelegate.swift */; };
		86E7BE7E207ABB8E00CD55C7 /* ViewController.swift in Sources */ = {isa = PBXBuildFile; fileRef = 86E7BE7D207ABB8E00CD55C7 /* ViewController.swift */; };
		86E7BE81207ABB8E00CD55C7 /* Main.storyboard in Resources */ = {isa = PBXBuildFile; fileRef = 86E7BE7F207ABB8E00CD55C7 /* Main.storyboard */; };
		86E7BE83207ABB8E00CD55C7 /* Assets.xcassets in Resources */ = {isa = PBXBuildFile; fileRef = 86E7BE82207ABB8E00CD55C7 /* Assets.xcassets */; };
		86E7BE86207ABB8E00CD55C7 /* LaunchScreen.storyboard in Resources */ = {isa = PBXBuildFile; fileRef = 86E7BE84207ABB8E00CD55C7 /* LaunchScreen.storyboard */; };
/* End PBXBuildFile section */

/* Begin PBXFileReference section */
		86E7BE78207ABB8E00CD55C7 /* neural2.app */ = {isa = PBXFileReference; explicitFileType = wrapper.application; includeInIndex = 0; path = neural2.app; sourceTree = BUILT_PRODUCTS_DIR; };
		86E7BE7B207ABB8E00CD55C7 /* AppDelegate.swift */ = {isa = PBXFileReference; lastKnownFileType = sourcecode.swift; path = AppDelegate.swift; sourceTree = "<group>"; };
		86E7BE7D207ABB8E00CD55C7 /* ViewController.swift */ = {isa = PBXFileReference; lastKnownFileType = sourcecode.swift; path = ViewController.swift; sourceTree = "<group>"; };
		86E7BE80207ABB8E00CD55C7 /* Base */ = {isa = PBXFileReference; lastKnownFileType = file.storyboard; name = Base; path = Base.lproj/Main.storyboard; sourceTree = "<group>"; };
		86E7BE82207ABB8E00CD55C7 /* Assets.xcassets */ = {isa = PBXFileReference; lastKnownFileType = folder.assetcatalog; path = Assets.xcassets; sourceTree = "<group>"; };
		86E7BE85207ABB8E00CD55C7 /* Base */ = {isa = PBXFileReference; lastKnownFileType = file.storyboard; name = Base; path = Base.lproj/LaunchScreen.storyboard; sourceTree = "<group>"; };
		86E7BE87207ABB8E00CD55C7 /* Info.plist */ = {isa = PBXFileReference; lastKnownFileType = text.plist.xml; path = Info.plist; sourceTree = "<group>"; };
/* End PBXFileReference section */

/* Begin PBXFrameworksBuildPhase section */
		86E7BE75207ABB8E00CD55C7 /* Frameworks */ = {
			isa = PBXFrameworksBuildPhase;
			buildActionMask = 2147483647;
			files = (
			);
			runOnlyForDeploymentPostprocessing = 0;
		};
/* End PBXFrameworksBuildPhase section */

/* Begin PBXGroup section */
		86E7BE6F207ABB8E00CD55C7 = {
			isa = PBXGroup;
			children = (
				86E7BE7A207ABB8E00CD55C7 /* neural2 */,
				86E7BE79207ABB8E00CD55C7 /* Products */,
			);
			sourceTree = "<group>";
		};
		86E7BE79207ABB8E00CD55C7 /* Products */ = {
			isa = PBXGroup;
			children = (
				86E7BE78207ABB8E00CD55C7 /* neural2.app */,
			);
			name = Products;
			sourceTree = "<group>";
		};
		86E7BE7A207ABB8E00CD55C7 /* neural2 */ = {
			isa = PBXGroup;
			children = (
				86E7BE7B207ABB8E00CD55C7 /* AppDelegate.swift */,
				86E7BE7D207ABB8E00CD55C7 /* ViewController.swift */,
				86E7BE7F207ABB8E00CD55C7 /* Main.storyboard */,
				86E7BE82207ABB8E00CD55C7 /* Assets.xcassets */,
				86E7BE84207ABB8E00CD55C7 /* LaunchScreen.storyboard */,
				86E7BE87207ABB8E00CD55C7 /* Info.plist */,
			);
			path = neural2;
			sourceTree = "<group>";
		};
/* End PBXGroup section */

/* Begin PBXNativeTarget section */
		86E7BE77207ABB8E00CD55C7 /* neural2 */ = {
			isa = PBXNativeTarget;
			buildConfigurationList = 86E7BE8A207ABB8E00CD55C7 /* Build configuration list for PBXNativeTarget "neural2" */;
			buildPhases = (
				86E7BE74207ABB8E00CD55C7 /* Sources */,
				86E7BE75207ABB8E00CD55C7 /* Frameworks */,
				86E7BE76207ABB8E00CD55C7 /* Resources */,
			);
			buildRules = (
			);
			dependencies = (
			);
			name = neural2;
			productName = neural2;
			productReference = 86E7BE78207ABB8E00CD55C7 /* neural2.app */;
			productType = "com.apple.product-type.application";
		};
/* End PBXNativeTarget section */

/* Begin PBXProject section */
		86E7BE70207ABB8E00CD55C7 /* Project object */ = {
			isa = PBXProject;
			attributes = {
				LastSwiftUpdateCheck = 0920;
				LastUpgradeCheck = 0920;
				ORGANIZATIONNAME = "Nathan Richard";
				TargetAttributes = {
					86E7BE77207ABB8E00CD55C7 = {
						CreatedOnToolsVersion = 9.2;
						ProvisioningStyle = Automatic;
					};
				};
			};
			buildConfigurationList = 86E7BE73207ABB8E00CD55C7 /* Build configuration list for PBXProject "neural2" */;
			compatibilityVersion = "Xcode 8.0";
			developmentRegion = en;
			hasScannedForEncodings = 0;
			knownRegions = (
				en,
				Base,
			);
			mainGroup = 86E7BE6F207ABB8E00CD55C7;
			productRefGroup = 86E7BE79207ABB8E00CD55C7 /* Products */;
			projectDirPath = "";
			projectRoot = "";
			targets = (
				86E7BE77207ABB8E00CD55C7 /* neural2 */,
			);
		};
/* End PBXProject section */

/* Begin PBXResourcesBuildPhase section */
		86E7BE76207ABB8E00CD55C7 /* Resources */ = {
			isa = PBXResourcesBuildPhase;
			buildActionMask = 2147483647;
			files = (
				86E7BE86207ABB8E00CD55C7 /* LaunchScreen.storyboard in Resources */,
				86E7BE83207ABB8E00CD55C7 /* Assets.xcassets in Resources */,
				86E7BE81207ABB8E00CD55C7 /* Main.storyboard in Resources */,
			);
			runOnlyForDeploymentPostprocessing = 0;
		};
/* End PBXResourcesBuildPhase section */

/* Begin PBXSourcesBuildPhase section */
		86E7BE74207ABB8E00CD55C7 /* Sources */ = {
			isa = PBXSourcesBuildPhase;
			buildActionMask = 2147483647;
			files = (
				86E7BE7E207ABB8E00CD55C7 /* ViewController.swift in Sources */,
				86E7BE7C207ABB8E00CD55C7 /* AppDelegate.swift in Sources */,
			);
			runOnlyForDeploymentPostprocessing = 0;
		};
/* End PBXSourcesBuildPhase section */

/* Begin PBXVariantGroup section */
		86E7BE7F207ABB8E00CD55C7 /* Main.storyboard */ = {
			isa = PBXVariantGroup;
			children = (
				86E7BE80207ABB8E00CD55C7 /* Base */,
			);
			name = Main.storyboard;
			sourceTree = "<group>";
		};
		86E7BE84207ABB8E00CD55C7 /* LaunchScreen.storyboard */ = {
			isa = PBXVariantGroup;
			children = (
				86E7BE85207ABB8E00CD55C7 /* Base */,
			);
			name = LaunchScreen.storyboard;
			sourceTree = "<group>";
		};
/* End PBXVariantGroup section */

/* Begin XCBuildConfiguration section */
		86E7BE88207ABB8E00CD55C7 /* Debug */ = {
			isa = XCBuildConfiguration;
			buildSettings = {
				ALWAYS_SEARCH_USER_PATHS = NO;
				CLANG_ANALYZER_NONNULL = YES;
				CLANG_ANALYZER_NUMBER_OBJECT_CONVERSION = YES_AGGRESSIVE;
				CLANG_CXX_LANGUAGE_STANDARD = "gnu++14";
				CLANG_CXX_LIBRARY = "libc++";
				CLANG_ENABLE_MODULES = YES;
				CLANG_ENABLE_OBJC_ARC = YES;
				CLANG_WARN_BLOCK_CAPTURE_AUTORELEASING = YES;
				CLANG_WARN_BOOL_CONVERSION = YES;
				CLANG_WARN_COMMA = YES;
				CLANG_WARN_CONSTANT_CONVERSION = YES;
				CLANG_WARN_DIRECT_OBJC_ISA_USAGE = YES_ERROR;
				CLANG_WARN_DOCUMENTATION_COMMENTS = YES;
				CLANG_WARN_EMPTY_BODY = YES;
				CLANG_WARN_ENUM_CONVERSION = YES;
				CLANG_WARN_INFINITE_RECURSION = YES;
				CLANG_WARN_INT_CONVERSION = YES;
				CLANG_WARN_NON_LITERAL_NULL_CONVERSION = YES;
				CLANG_WARN_OBJC_LITERAL_CONVERSION = YES;
				CLANG_WARN_OBJC_ROOT_CLASS = YES_ERROR;
				CLANG_WARN_RANGE_LOOP_ANALYSIS = YES;
				CLANG_WARN_STRICT_PROTOTYPES = YES;
				CLANG_WARN_SUSPICIOUS_MOVE = YES;
				CLANG_WARN_UNGUARDED_AVAILABILITY = YES_AGGRESSIVE;
				CLANG_WARN_UNREACHABLE_CODE = YES;
				CLANG_WARN__DUPLICATE_METHOD_MATCH = YES;
				CODE_SIGN_IDENTITY = "iPhone Developer";
				COPY_PHASE_STRIP = NO;
				DEBUG_INFORMATION_FORMAT = dwarf;
				ENABLE_STRICT_OBJC_MSGSEND = YES;
				ENABLE_TESTABILITY = YES;
				GCC_C_LANGUAGE_STANDARD = gnu11;
				GCC_DYNAMIC_NO_PIC = NO;
				GCC_NO_COMMON_BLOCKS = YES;
				GCC_OPTIMIZATION_LEVEL = 0;
				GCC_PREPROCESSOR_DEFINITIONS = (
					"DEBUG=1",
					"$(inherited)",
				);
				GCC_WARN_64_TO_32_BIT_CONVERSION = YES;
				GCC_WARN_ABOUT_RETURN_TYPE = YES_ERROR;
				GCC_WARN_UNDECLARED_SELECTOR = YES;
				GCC_WARN_UNINITIALIZED_AUTOS = YES_AGGRESSIVE;
				GCC_WARN_UNUSED_FUNCTION = YES;
				GCC_WARN_UNUSED_VARIABLE = YES;
				IPHONEOS_DEPLOYMENT_TARGET = 11.2;
				MTL_ENABLE_DEBUG_INFO = YES;
				ONLY_ACTIVE_ARCH = YES;
				SDKROOT = iphoneos;
				SWIFT_ACTIVE_COMPILATION_CONDITIONS = DEBUG;
				SWIFT_OPTIMIZATION_LEVEL = "-Onone";
			};
			name = Debug;
		};
		86E7BE89207ABB8E00CD55C7 /* Release */ = {
			isa = XCBuildConfiguration;
			buildSettings = {
				ALWAYS_SEARCH_USER_PATHS = NO;
				CLANG_ANALYZER_NONNULL = YES;
				CLANG_ANALYZER_NUMBER_OBJECT_CONVERSION = YES_AGGRESSIVE;
				CLANG_CXX_LANGUAGE_STANDARD = "gnu++14";
				CLANG_CXX_LIBRARY = "libc++";
				CLANG_ENABLE_MODULES = YES;
				CLANG_ENABLE_OBJC_ARC = YES;
				CLANG_WARN_BLOCK_CAPTURE_AUTORELEASING = YES;
				CLANG_WARN_BOOL_CONVERSION = YES;
				CLANG_WARN_COMMA = YES;
				CLANG_WARN_CONSTANT_CONVERSION = YES;
				CLANG_WARN_DIRECT_OBJC_ISA_USAGE = YES_ERROR;
				CLANG_WARN_DOCUMENTATION_COMMENTS = YES;
				CLANG_WARN_EMPTY_BODY = YES;
				CLANG_WARN_ENUM_CONVERSION = YES;
				CLANG_WARN_INFINITE_RECURSION = YES;
				CLANG_WARN_INT_CONVERSION = YES;
				CLANG_WARN_NON_LITERAL_NULL_CONVERSION = YES;
				CLANG_WARN_OBJC_LITERAL_CONVERSION = YES;
				CLANG_WARN_OBJC_ROOT_CLASS = YES_ERROR;
				CLANG_WARN_RANGE_LOOP_ANALYSIS = YES;
				CLANG_WARN_STRICT_PROTOTYPES = YES;
				CLANG_WARN_SUSPICIOUS_MOVE = YES;
				CLANG_WARN_UNGUARDED_AVAILABILITY = YES_AGGRESSIVE;
				CLANG_WARN_UNREACHABLE_CODE = YES;
				CLANG_WARN__DUPLICATE_METHOD_MATCH = YES;
				CODE_SIGN_IDENTITY = "iPhone Developer";
				COPY_PHASE_STRIP = NO;
				DEBUG_INFORMATION_FORMAT = "dwarf-with-dsym";
				ENABLE_NS_ASSERTIONS = NO;
				ENABLE_STRICT_OBJC_MSGSEND = YES;
				GCC_C_LANGUAGE_STANDARD = gnu11;
				GCC_NO_COMMON_BLOCKS = YES;
				GCC_WARN_64_TO_32_BIT_CONVERSION = YES;
				GCC_WARN_ABOUT_RETURN_TYPE = YES_ERROR;
				GCC_WARN_UNDECLARED_SELECTOR = YES;
				GCC_WARN_UNINITIALIZED_AUTOS = YES_AGGRESSIVE;
				GCC_WARN_UNUSED_FUNCTION = YES;
				GCC_WARN_UNUSED_VARIABLE = YES;
				IPHONEOS_DEPLOYMENT_TARGET = 11.2;
				MTL_ENABLE_DEBUG_INFO = NO;
				SDKROOT = iphoneos;
				SWIFT_OPTIMIZATION_LEVEL = "-Owholemodule";
				VALIDATE_PRODUCT = YES;
			};
			name = Release;
		};
		86E7BE8B207ABB8E00CD55C7 /* Debug */ = {
			isa = XCBuildConfiguration;
			buildSettings = {
				ASSETCATALOG_COMPILER_APPICON_NAME = AppIcon;
				CODE_SIGN_STYLE = Automatic;
				DEVELOPMENT_TEAM = 3NSLQNHB3C;
				INFOPLIST_FILE = neural2/Info.plist;
				LD_RUNPATH_SEARCH_PATHS = "$(inherited) @executable_path/Frameworks";
				PRODUCT_BUNDLE_IDENTIFIER = com.nathandrichard.wordBubbles.neural2;
				PRODUCT_NAME = "$(TARGET_NAME)";
				SWIFT_VERSION = 4.0;
				TARGETED_DEVICE_FAMILY = "1,2";
			};
			name = Debug;
		};
		86E7BE8C207ABB8E00CD55C7 /* Release */ = {
			isa = XCBuildConfiguration;
			buildSettings = {
				ASSETCATALOG_COMPILER_APPICON_NAME = AppIcon;
				CODE_SIGN_STYLE = Automatic;
				DEVELOPMENT_TEAM = 3NSLQNHB3C;
				INFOPLIST_FILE = neural2/Info.plist;
				LD_RUNPATH_SEARCH_PATHS = "$(inherited) @executable_path/Frameworks";
				PRODUCT_BUNDLE_IDENTIFIER = com.nathandrichard.wordBubbles.neural2;
				PRODUCT_NAME = "$(TARGET_NAME)";
				SWIFT_VERSION = 4.0;
				TARGETED_DEVICE_FAMILY = "1,2";
			};
			name = Release;
		};
/* End XCBuildConfiguration section */

/* Begin XCConfigurationList section */
		86E7BE73207ABB8E00CD55C7 /* Build configuration list for PBXProject "neural2" */ = {
			isa = XCConfigurationList;
			buildConfigurations = (
				86E7BE88207ABB8E00CD55C7 /* Debug */,
				86E7BE89207ABB8E00CD55C7 /* Release */,
			);
			defaultConfigurationIsVisible = 0;
			defaultConfigurationName = Release;
		};
		86E7BE8A207ABB8E00CD55C7 /* Build configuration list for PBXNativeTarget "neural2" */ = {
			isa = XCConfigurationList;
			buildConfigurations = (
				86E7BE8B207ABB8E00CD55C7 /* Debug */,
				86E7BE8C207ABB8E00CD55C7 /* Release */,
			);
			defaultConfigurationIsVisible = 0;
			defaultConfigurationName = Release;
		};
/* End XCConfigurationList section */
	};
	rootObject = 86E7BE70207ABB8E00CD55C7 /* Project object */;
}
